
Microsoft Visual Studio Solution File, Format Version 12.00
# Visual Studio Version 17
VisualStudioVersion = 17.11.35327.3
MinimumVisualStudioVersion = 10.0.40219.1
Project("{FAE04EC0-301F-11D3-BF4B-00C04F79EFBC}") = "VroomRental.Backend", "VroomRental.Backend\VroomRental.Backend.csproj", "{4A9A0812-FD9F-45BD-89F1-8D07ED69B9D3}"
EndProject
Project("{FAE04EC0-301F-11D3-BF4B-00C04F79EFBC}") = "VroomRental.Forms", "VroomRental.Forms\VroomRental.Forms.csproj", "{DAED37A9-EE8B-4D38-BA8F-038DEA41A553}"
EndProject
Global
	GlobalSection(SolutionConfigurationPlatforms) = preSolution
		Debug|Any CPU = Debug|Any CPU
		Release|Any CPU = Release|Any CPU
	EndGlobalSection
	GlobalSection(ProjectConfigurationPlatforms) = postSolution
		{4A9A0812-FD9F-45BD-89F1-8D07ED69B9D3}.Debug|Any CPU.ActiveCfg = Debug|Any CPU
		{4A9A0812-FD9F-45BD-89F1-8D07ED69B9D3}.Debug|Any CPU.Build.0 = Debug|Any CPU
		{4A9A0812-FD9F-45BD-89F1-8D07ED69B9D3}.Release|Any CPU.ActiveCfg = Release|Any CPU
		{4A9A0812-FD9F-45BD-89F1-8D07ED69B9D3}.Release|Any CPU.Build.0 = Release|Any CPU
		{DAED37A9-EE8B-4D38-BA8F-038DEA41A553}.Debug|Any CPU.ActiveCfg = Debug|Any CPU
		{DAED37A9-EE8B-4D38-BA8F-038DEA41A553}.Debug|Any CPU.Build.0 = Debug|Any CPU
		{DAED37A9-EE8B-4D38-BA8F-038DEA41A553}.Release|Any CPU.ActiveCfg = Release|Any CPU
		{DAED37A9-EE8B-4D38-BA8F-038DEA41A553}.Release|Any CPU.Build.0 = Release|Any CPU
	EndGlobalSection
	GlobalSection(SolutionProperties) = preSolution
		HideSolutionNode = FALSE
	EndGlobalSection
	GlobalSection(ExtensibilityGlobals) = postSolution
		SolutionGuid = {068EFF7F-698F-4185-A743-0726BCF4A9CE}
	EndGlobalSection
EndGlobal
